
Microsoft Visual Studio Solution File, Format Version 12.00
# Visual Studio 15
VisualStudioVersion = 15.0.26124.0
MinimumVisualStudioVersion = 15.0.26124.0
Project("{2150E333-8FDC-42A3-9474-1A3956D46DE8}") = "src", "src", "{1554BA06-5DA5-48B9-A27B-37CB183C0FC6}"
EndProject
Project("{FAE04EC0-301F-11D3-BF4B-00C04F79EFBC}") = "gradebook", "src\gradebook\gradebook.csproj", "{46AFE933-4A47-4C90-A534-D0CD6F112CB5}"
EndProject
Project("{2150E333-8FDC-42A3-9474-1A3956D46DE8}") = "test", "test", "{E59CB0EB-4AB8-414A-8A50-39FF1DE83ECD}"
EndProject
Project("{FAE04EC0-301F-11D3-BF4B-00C04F79EFBC}") = "gradebookTest", "test\gradebookTest\gradebookTest.csproj", "{8DBEDBF8-C91F-4B45-83CD-DE01F781BB08}"
EndProject
Global
	GlobalSection(SolutionConfigurationPlatforms) = preSolution
		Debug|Any CPU = Debug|Any CPU
		Debug|x64 = Debug|x64
		Debug|x86 = Debug|x86
		Release|Any CPU = Release|Any CPU
		Release|x64 = Release|x64
		Release|x86 = Release|x86
	EndGlobalSection
	GlobalSection(SolutionProperties) = preSolution
		HideSolutionNode = FALSE
	EndGlobalSection
	GlobalSection(ProjectConfigurationPlatforms) = postSolution
		{46AFE933-4A47-4C90-A534-D0CD6F112CB5}.Debug|Any CPU.ActiveCfg = Debug|Any CPU
		{46AFE933-4A47-4C90-A534-D0CD6F112CB5}.Debug|Any CPU.Build.0 = Debug|Any CPU
		{46AFE933-4A47-4C90-A534-D0CD6F112CB5}.Debug|x64.ActiveCfg = Debug|Any CPU
		{46AFE933-4A47-4C90-A534-D0CD6F112CB5}.Debug|x64.Build.0 = Debug|Any CPU
		{46AFE933-4A47-4C90-A534-D0CD6F112CB5}.Debug|x86.ActiveCfg = Debug|Any CPU
		{46AFE933-4A47-4C90-A534-D0CD6F112CB5}.Debug|x86.Build.0 = Debug|Any CPU
		{46AFE933-4A47-4C90-A534-D0CD6F112CB5}.Release|Any CPU.ActiveCfg = Release|Any CPU
		{46AFE933-4A47-4C90-A534-D0CD6F112CB5}.Release|Any CPU.Build.0 = Release|Any CPU
		{46AFE933-4A47-4C90-A534-D0CD6F112CB5}.Release|x64.ActiveCfg = Release|Any CPU
		{46AFE933-4A47-4C90-A534-D0CD6F112CB5}.Release|x64.Build.0 = Release|Any CPU
		{46AFE933-4A47-4C90-A534-D0CD6F112CB5}.Release|x86.ActiveCfg = Release|Any CPU
		{46AFE933-4A47-4C90-A534-D0CD6F112CB5}.Release|x86.Build.0 = Release|Any CPU
		{8DBEDBF8-C91F-4B45-83CD-DE01F781BB08}.Debug|Any CPU.ActiveCfg = Debug|Any CPU
		{8DBEDBF8-C91F-4B45-83CD-DE01F781BB08}.Debug|Any CPU.Build.0 = Debug|Any CPU
		{8DBEDBF8-C91F-4B45-83CD-DE01F781BB08}.Debug|x64.ActiveCfg = Debug|Any CPU
		{8DBEDBF8-C91F-4B45-83CD-DE01F781BB08}.Debug|x64.Build.0 = Debug|Any CPU
		{8DBEDBF8-C91F-4B45-83CD-DE01F781BB08}.Debug|x86.ActiveCfg = Debug|Any CPU
		{8DBEDBF8-C91F-4B45-83CD-DE01F781BB08}.Debug|x86.Build.0 = Debug|Any CPU
		{8DBEDBF8-C91F-4B45-83CD-DE01F781BB08}.Release|Any CPU.ActiveCfg = Release|Any CPU
		{8DBEDBF8-C91F-4B45-83CD-DE01F781BB08}.Release|Any CPU.Build.0 = Release|Any CPU
		{8DBEDBF8-C91F-4B45-83CD-DE01F781BB08}.Release|x64.ActiveCfg = Release|Any CPU
		{8DBEDBF8-C91F-4B45-83CD-DE01F781BB08}.Release|x64.Build.0 = Release|Any CPU
		{8DBEDBF8-C91F-4B45-83CD-DE01F781BB08}.Release|x86.ActiveCfg = Release|Any CPU
		{8DBEDBF8-C91F-4B45-83CD-DE01F781BB08}.Release|x86.Build.0 = Release|Any CPU
	EndGlobalSection
	GlobalSection(NestedProjects) = preSolution
		{46AFE933-4A47-4C90-A534-D0CD6F112CB5} = {1554BA06-5DA5-48B9-A27B-37CB183C0FC6}
		{8DBEDBF8-C91F-4B45-83CD-DE01F781BB08} = {E59CB0EB-4AB8-414A-8A50-39FF1DE83ECD}
	EndGlobalSection
EndGlobal
